
Microsoft Visual Studio Solution File, Format Version 12.00
# Visual Studio Version 16
VisualStudioVersion = 16.0.30413.136
MinimumVisualStudioVersion = 10.0.40219.1
Project("{FAE04EC0-301F-11D3-BF4B-00C04F79EFBC}") = "Snake15", "Snake15\Snake15.csproj", "{1D00DA3A-EC1A-4625-99FA-07404EACBEEC}"
EndProject
Global
	GlobalSection(SolutionConfigurationPlatforms) = preSolution
		Debug|Any CPU = Debug|Any CPU
		Release|Any CPU = Release|Any CPU
	EndGlobalSection
	GlobalSection(ProjectConfigurationPlatforms) = postSolution
		{1D00DA3A-EC1A-4625-99FA-07404EACBEEC}.Debug|Any CPU.ActiveCfg = Debug|Any CPU
		{1D00DA3A-EC1A-4625-99FA-07404EACBEEC}.Debug|Any CPU.Build.0 = Debug|Any CPU
		{1D00DA3A-EC1A-4625-99FA-07404EACBEEC}.Release|Any CPU.ActiveCfg = Release|Any CPU
		{1D00DA3A-EC1A-4625-99FA-07404EACBEEC}.Release|Any CPU.Build.0 = Release|Any CPU
	EndGlobalSection
	GlobalSection(SolutionProperties) = preSolution
		HideSolutionNode = FALSE
	EndGlobalSection
	GlobalSection(ExtensibilityGlobals) = postSolution
		SolutionGuid = {53BBE2A9-497B-42B4-BAA9-5495A0293811}
	EndGlobalSection
EndGlobal
